
Microsoft Visual Studio Solution File, Format Version 12.00
# Visual Studio 14
VisualStudioVersion = 14.0.25420.1
MinimumVisualStudioVersion = 10.0.40219.1
Project("{FAE04EC0-301F-11D3-BF4B-00C04F79EFBC}") = "LTKJ.RTU", "LTKJ.RTU\LTKJ.RTU.csproj", "{0CFAAF39-961F-4303-BEEE-09A5A75AC8B7}"
EndProject
Project("{FAE04EC0-301F-11D3-BF4B-00C04F79EFBC}") = "LTKJ.DataBase", "LTKJ.DataBase\LTKJ.DataBase.csproj", "{7BBE1BB7-F6DC-4AD5-AE99-9A4837311584}"
EndProject
Global
	GlobalSection(SolutionConfigurationPlatforms) = preSolution
		Debug|Any CPU = Debug|Any CPU
		Debug|Mixed Platforms = Debug|Mixed Platforms
		Debug|x86 = Debug|x86
		Release|Any CPU = Release|Any CPU
		Release|Mixed Platforms = Release|Mixed Platforms
		Release|x86 = Release|x86
	EndGlobalSection
	GlobalSection(ProjectConfigurationPlatforms) = postSolution
		{0CFAAF39-961F-4303-BEEE-09A5A75AC8B7}.Debug|Any CPU.ActiveCfg = Debug|x86
		{0CFAAF39-961F-4303-BEEE-09A5A75AC8B7}.Debug|Mixed Platforms.ActiveCfg = Debug|x86
		{0CFAAF39-961F-4303-BEEE-09A5A75AC8B7}.Debug|Mixed Platforms.Build.0 = Debug|x86
		{0CFAAF39-961F-4303-BEEE-09A5A75AC8B7}.Debug|x86.ActiveCfg = Debug|x86
		{0CFAAF39-961F-4303-BEEE-09A5A75AC8B7}.Debug|x86.Build.0 = Debug|x86
		{0CFAAF39-961F-4303-BEEE-09A5A75AC8B7}.Release|Any CPU.ActiveCfg = Release|x86
		{0CFAAF39-961F-4303-BEEE-09A5A75AC8B7}.Release|Mixed Platforms.ActiveCfg = Release|x86
		{0CFAAF39-961F-4303-BEEE-09A5A75AC8B7}.Release|Mixed Platforms.Build.0 = Release|x86
		{0CFAAF39-961F-4303-BEEE-09A5A75AC8B7}.Release|x86.ActiveCfg = Release|x86
		{0CFAAF39-961F-4303-BEEE-09A5A75AC8B7}.Release|x86.Build.0 = Release|x86
		{7BBE1BB7-F6DC-4AD5-AE99-9A4837311584}.Debug|Any CPU.ActiveCfg = Debug|Any CPU
		{7BBE1BB7-F6DC-4AD5-AE99-9A4837311584}.Debug|Any CPU.Build.0 = Debug|Any CPU
		{7BBE1BB7-F6DC-4AD5-AE99-9A4837311584}.Debug|Mixed Platforms.ActiveCfg = Debug|Any CPU
		{7BBE1BB7-F6DC-4AD5-AE99-9A4837311584}.Debug|Mixed Platforms.Build.0 = Debug|Any CPU
		{7BBE1BB7-F6DC-4AD5-AE99-9A4837311584}.Debug|x86.ActiveCfg = Debug|Any CPU
		{7BBE1BB7-F6DC-4AD5-AE99-9A4837311584}.Debug|x86.Build.0 = Debug|Any CPU
		{7BBE1BB7-F6DC-4AD5-AE99-9A4837311584}.Release|Any CPU.ActiveCfg = Release|Any CPU
		{7BBE1BB7-F6DC-4AD5-AE99-9A4837311584}.Release|Any CPU.Build.0 = Release|Any CPU
		{7BBE1BB7-F6DC-4AD5-AE99-9A4837311584}.Release|Mixed Platforms.ActiveCfg = Release|Any CPU
		{7BBE1BB7-F6DC-4AD5-AE99-9A4837311584}.Release|Mixed Platforms.Build.0 = Release|Any CPU
		{7BBE1BB7-F6DC-4AD5-AE99-9A4837311584}.Release|x86.ActiveCfg = Release|Any CPU
	EndGlobalSection
	GlobalSection(SolutionProperties) = preSolution
		HideSolutionNode = FALSE
	EndGlobalSection
EndGlobal
